
Microsoft Visual Studio Solution File, Format Version 12.00
# Visual Studio Version 16
VisualStudioVersion = 16.0.28922.388
MinimumVisualStudioVersion = 10.0.40219.1
Project("{8BC9CEB8-8B4A-11D0-8D11-00A0C91BC942}") = "HelloOpenGL", "HelloOpenGL.vcxproj", "{720473B7-C0B9-4CCA-8027-E19DCCBC8504}"
EndProject
Project("{8BC9CEB8-8B4A-11D0-8D11-00A0C91BC942}") = "OpenGL", "..\OpenGL\OpenGL.vcxproj", "{758CD88F-F9E4-49CB-AF99-7C4AD54A32CE}"
EndProject
Project("{8BC9CEB8-8B4A-11D0-8D11-00A0C91BC942}") = "Shading", "..\Shading\Shading.vcxproj", "{412BF0C6-4D05-496F-8F45-EB5A3EFC8235}"
EndProject
Project("{8BC9CEB8-8B4A-11D0-8D11-00A0C91BC942}") = "OpenGLPractice", "..\OpenGLPractice\OpenGLPractice.vcxproj", "{0F73A478-FF1A-4BF5-AEA6-B41BED4BA9C0}"
EndProject
Global
	GlobalSection(SolutionConfigurationPlatforms) = preSolution
		Debug|x64 = Debug|x64
		Debug|x86 = Debug|x86
		Release|x64 = Release|x64
		Release|x86 = Release|x86
	EndGlobalSection
	GlobalSection(ProjectConfigurationPlatforms) = postSolution
		{720473B7-C0B9-4CCA-8027-E19DCCBC8504}.Debug|x64.ActiveCfg = Debug|x64
		{720473B7-C0B9-4CCA-8027-E19DCCBC8504}.Debug|x64.Build.0 = Debug|x64
		{720473B7-C0B9-4CCA-8027-E19DCCBC8504}.Debug|x86.ActiveCfg = Debug|Win32
		{720473B7-C0B9-4CCA-8027-E19DCCBC8504}.Debug|x86.Build.0 = Debug|Win32
		{720473B7-C0B9-4CCA-8027-E19DCCBC8504}.Release|x64.ActiveCfg = Release|x64
		{720473B7-C0B9-4CCA-8027-E19DCCBC8504}.Release|x64.Build.0 = Release|x64
		{720473B7-C0B9-4CCA-8027-E19DCCBC8504}.Release|x86.ActiveCfg = Release|Win32
		{720473B7-C0B9-4CCA-8027-E19DCCBC8504}.Release|x86.Build.0 = Release|Win32
		{758CD88F-F9E4-49CB-AF99-7C4AD54A32CE}.Debug|x64.ActiveCfg = Debug|x64
		{758CD88F-F9E4-49CB-AF99-7C4AD54A32CE}.Debug|x64.Build.0 = Debug|x64
		{758CD88F-F9E4-49CB-AF99-7C4AD54A32CE}.Debug|x86.ActiveCfg = Debug|Win32
		{758CD88F-F9E4-49CB-AF99-7C4AD54A32CE}.Debug|x86.Build.0 = Debug|Win32
		{758CD88F-F9E4-49CB-AF99-7C4AD54A32CE}.Release|x64.ActiveCfg = Release|x64
		{758CD88F-F9E4-49CB-AF99-7C4AD54A32CE}.Release|x64.Build.0 = Release|x64
		{758CD88F-F9E4-49CB-AF99-7C4AD54A32CE}.Release|x86.ActiveCfg = Release|Win32
		{758CD88F-F9E4-49CB-AF99-7C4AD54A32CE}.Release|x86.Build.0 = Release|Win32
		{412BF0C6-4D05-496F-8F45-EB5A3EFC8235}.Debug|x64.ActiveCfg = Debug|x64
		{412BF0C6-4D05-496F-8F45-EB5A3EFC8235}.Debug|x64.Build.0 = Debug|x64
		{412BF0C6-4D05-496F-8F45-EB5A3EFC8235}.Debug|x86.ActiveCfg = Debug|Win32
		{412BF0C6-4D05-496F-8F45-EB5A3EFC8235}.Debug|x86.Build.0 = Debug|Win32
		{412BF0C6-4D05-496F-8F45-EB5A3EFC8235}.Release|x64.ActiveCfg = Release|x64
		{412BF0C6-4D05-496F-8F45-EB5A3EFC8235}.Release|x64.Build.0 = Release|x64
		{412BF0C6-4D05-496F-8F45-EB5A3EFC8235}.Release|x86.ActiveCfg = Release|Win32
		{412BF0C6-4D05-496F-8F45-EB5A3EFC8235}.Release|x86.Build.0 = Release|Win32
		{0F73A478-FF1A-4BF5-AEA6-B41BED4BA9C0}.Debug|x64.ActiveCfg = Debug|x64
		{0F73A478-FF1A-4BF5-AEA6-B41BED4BA9C0}.Debug|x64.Build.0 = Debug|x64
		{0F73A478-FF1A-4BF5-AEA6-B41BED4BA9C0}.Debug|x86.ActiveCfg = Debug|Win32
		{0F73A478-FF1A-4BF5-AEA6-B41BED4BA9C0}.Debug|x86.Build.0 = Debug|Win32
		{0F73A478-FF1A-4BF5-AEA6-B41BED4BA9C0}.Release|x64.ActiveCfg = Release|x64
		{0F73A478-FF1A-4BF5-AEA6-B41BED4BA9C0}.Release|x64.Build.0 = Release|x64
		{0F73A478-FF1A-4BF5-AEA6-B41BED4BA9C0}.Release|x86.ActiveCfg = Release|Win32
		{0F73A478-FF1A-4BF5-AEA6-B41BED4BA9C0}.Release|x86.Build.0 = Release|Win32
	EndGlobalSection
	GlobalSection(SolutionProperties) = preSolution
		HideSolutionNode = FALSE
	EndGlobalSection
	GlobalSection(ExtensibilityGlobals) = postSolution
		SolutionGuid = {EA8824AD-7E89-47DB-BDA2-C23CB18A4D8E}
	EndGlobalSection
EndGlobal
